
Microsoft Visual Studio Solution File, Format Version 12.00
# Visual Studio Version 17
VisualStudioVersion = 17.5.33516.290
MinimumVisualStudioVersion = 10.0.40219.1
Project("{FAE04EC0-301F-11D3-BF4B-00C04F79EFBC}") = "Presentacion", "Presentacion\Presentacion.csproj", "{8B9716D4-760E-4C38-8E12-558DDC05DCD2}"
EndProject
Project("{FAE04EC0-301F-11D3-BF4B-00C04F79EFBC}") = "Dominio", "Dominio\Dominio.csproj", "{A2373DA2-0FE9-424B-B06D-22EDD977297A}"
EndProject
Project("{FAE04EC0-301F-11D3-BF4B-00C04F79EFBC}") = "Negocio", "Negocio\Negocio.csproj", "{AFD54784-0C08-4192-8B49-C38D2F6EE440}"
EndProject
Global
	GlobalSection(SolutionConfigurationPlatforms) = preSolution
		Debug|Any CPU = Debug|Any CPU
		Release|Any CPU = Release|Any CPU
	EndGlobalSection
	GlobalSection(ProjectConfigurationPlatforms) = postSolution
		{8B9716D4-760E-4C38-8E12-558DDC05DCD2}.Debug|Any CPU.ActiveCfg = Debug|Any CPU
		{8B9716D4-760E-4C38-8E12-558DDC05DCD2}.Debug|Any CPU.Build.0 = Debug|Any CPU
		{8B9716D4-760E-4C38-8E12-558DDC05DCD2}.Release|Any CPU.ActiveCfg = Release|Any CPU
		{8B9716D4-760E-4C38-8E12-558DDC05DCD2}.Release|Any CPU.Build.0 = Release|Any CPU
		{A2373DA2-0FE9-424B-B06D-22EDD977297A}.Debug|Any CPU.ActiveCfg = Debug|Any CPU
		{A2373DA2-0FE9-424B-B06D-22EDD977297A}.Debug|Any CPU.Build.0 = Debug|Any CPU
		{A2373DA2-0FE9-424B-B06D-22EDD977297A}.Release|Any CPU.ActiveCfg = Release|Any CPU
		{A2373DA2-0FE9-424B-B06D-22EDD977297A}.Release|Any CPU.Build.0 = Release|Any CPU
		{AFD54784-0C08-4192-8B49-C38D2F6EE440}.Debug|Any CPU.ActiveCfg = Debug|Any CPU
		{AFD54784-0C08-4192-8B49-C38D2F6EE440}.Debug|Any CPU.Build.0 = Debug|Any CPU
		{AFD54784-0C08-4192-8B49-C38D2F6EE440}.Release|Any CPU.ActiveCfg = Release|Any CPU
		{AFD54784-0C08-4192-8B49-C38D2F6EE440}.Release|Any CPU.Build.0 = Release|Any CPU
	EndGlobalSection
	GlobalSection(SolutionProperties) = preSolution
		HideSolutionNode = FALSE
	EndGlobalSection
	GlobalSection(ExtensibilityGlobals) = postSolution
		SolutionGuid = {B40A446F-7991-4CB7-8FC3-CFBE80367ADD}
	EndGlobalSection
EndGlobal
